
Microsoft Visual Studio Solution File, Format Version 12.00
# Visual Studio Version 16
VisualStudioVersion = 16.0.30711.63
MinimumVisualStudioVersion = 10.0.40219.1
Project("{FAE04EC0-301F-11D3-BF4B-00C04F79EFBC}") = "Lijst", "Lijst\Lijst.csproj", "{0C040613-5840-4F18-B795-855213837BDE}"
EndProject
Global
	GlobalSection(SolutionConfigurationPlatforms) = preSolution
		Debug|Any CPU = Debug|Any CPU
		Release|Any CPU = Release|Any CPU
	EndGlobalSection
	GlobalSection(ProjectConfigurationPlatforms) = postSolution
		{0C040613-5840-4F18-B795-855213837BDE}.Debug|Any CPU.ActiveCfg = Debug|Any CPU
		{0C040613-5840-4F18-B795-855213837BDE}.Debug|Any CPU.Build.0 = Debug|Any CPU
		{0C040613-5840-4F18-B795-855213837BDE}.Release|Any CPU.ActiveCfg = Release|Any CPU
		{0C040613-5840-4F18-B795-855213837BDE}.Release|Any CPU.Build.0 = Release|Any CPU
	EndGlobalSection
	GlobalSection(SolutionProperties) = preSolution
		HideSolutionNode = FALSE
	EndGlobalSection
	GlobalSection(ExtensibilityGlobals) = postSolution
		SolutionGuid = {2BF8CF68-F7F8-4DB2-913A-9C9A51ABEC32}
	EndGlobalSection
EndGlobal
